
Microsoft Visual Studio Solution File, Format Version 12.00
# Visual Studio 15
Project("{FAE04EC0-301F-11D3-BF4B-00C04F79EFBC}") = "Assembly-CSharp", "Assembly-CSharp.csproj", "{AAE59DCD-5786-FF46-94A9-5AF5240F7A20}"
EndProject
Global
	GlobalSection(SolutionConfigurationPlatforms) = preSolution
		Debug|Any CPU = Debug|Any CPU
		Release|Any CPU = Release|Any CPU
	EndGlobalSection
	GlobalSection(ProjectConfigurationPlatforms) = postSolution
		{AAE59DCD-5786-FF46-94A9-5AF5240F7A20}.Debug|Any CPU.ActiveCfg = Debug|Any CPU
		{AAE59DCD-5786-FF46-94A9-5AF5240F7A20}.Debug|Any CPU.Build.0 = Debug|Any CPU
		{AAE59DCD-5786-FF46-94A9-5AF5240F7A20}.Release|Any CPU.ActiveCfg = Release|Any CPU
		{AAE59DCD-5786-FF46-94A9-5AF5240F7A20}.Release|Any CPU.Build.0 = Release|Any CPU
	EndGlobalSection
	GlobalSection(SolutionProperties) = preSolution
		HideSolutionNode = FALSE
	EndGlobalSection
EndGlobal
